{
  "name": "munro-books",
  "version": "1.0.0",
  "lockfileVersion": 3,
  "requires": true,
  "packages": {
    "": {
      "name": "munro-books",
      "version": "1.0.0",
      "license": "MIT",
      "workspaces": [
        "packages/*"
      ]
    },
    "node_modules/api": {
      "resolved": "packages/api",
      "link": true
    },
    "node_modules/data-platform": {
      "resolved": "packages/data-platform",
      "link": true
    },
    "node_modules/library": {
      "resolved": "packages/library",
      "link": true
    },
    "packages/api": {
      "version": "1.0.0",
      "license": "MIT"
    },
    "packages/data-platform": {
      "version": "1.0.0",
      "license": "MIT"
    },
    "packages/library": {
      "version": "1.0.0",
      "license": "MIT"
    }
  }
}
